{
  "requires": true,
  "lockfileVersion": 1,
  "dependencies": {
    "es6-promise": {
      "version": "3.3.1",
      "resolved": "https://registry.npmjs.org/es6-promise/-/es6-promise-3.3.1.tgz",
      "integrity": "sha1-oIzd6EzNvzTQJ6FFG8kdS80ophM="
    },
    "window-post-message-proxy": {
      "version": "0.2.6",
      "resolved": "https://registry.npmjs.org/window-post-message-proxy/-/window-post-message-proxy-0.2.6.tgz",
      "integrity": "sha512-IwNWtUWVFarBa2F9vhmfv2yr0PfPm57QuOBCw3qSLaunhD3THcHUKQ4HrJQiCuYUT7LEjhUtaoA+hrV+wQzNmQ==",
      "requires": {
        "es6-promise": "^3.1.2"
      }
    }
  }
}
